<?xml version="1.0" encoding="utf-8"?>
<Project ToolsVersion="4.0" xmlns="http://schemas.microsoft.com/developer/msbuild/2003">
  <ItemGroup>
    <Filter Include="ソース">
      <UniqueIdentifier>{3044a223-23c6-4aa7-a792-d0bf4d08f971}</UniqueIdentifier>
    </Filter>
    <Filter Include="ソース\player">
      <UniqueIdentifier>{bf0edb2a-4379-4291-9d19-fd3cfe455744}</UniqueIdentifier>
    </Filter>
    <Filter Include="ソース\FPS">
      <UniqueIdentifier>{bffe7726-5082-4a68-adf5-d601583c4e44}</UniqueIdentifier>
    </Filter>
    <Filter Include="ソース\input">
      <UniqueIdentifier>{a35f04e8-62fc-403f-aef9-82e6e33cb5c7}</UniqueIdentifier>
    </Filter>
    <Filter Include="ソース\seene">
      <UniqueIdentifier>{0d6ccae2-754c-4c66-bc67-8d4d3e66aac7}</UniqueIdentifier>
    </Filter>
    <Filter Include="ソース\seene\play">
      <UniqueIdentifier>{f3e4cd60-c50f-463c-801e-928bd9452deb}</UniqueIdentifier>
    </Filter>
    <Filter Include="ソース\bullet">
      <UniqueIdentifier>{6b71d1e6-58fd-45bc-a335-47e7796c9fff}</UniqueIdentifier>
    </Filter>
  </ItemGroup>
  <ItemGroup>
    <ClCompile Include="main.cpp" />
    <ClCompile Include="player.cpp">
      <Filter>ソース\player</Filter>
    </ClCompile>
    <ClCompile Include="FPS.cpp">
      <Filter>ソース\FPS</Filter>
    </ClCompile>
    <ClCompile Include="input.cpp">
      <Filter>ソース\input</Filter>
    </ClCompile>
    <ClCompile Include="score.cpp" />
    <ClCompile Include="play.cpp">
      <Filter>ソース\seene\play</Filter>
    </ClCompile>
    <ClCompile Include="bulletmg.cpp">
      <Filter>ソース\bullet</Filter>
    </ClCompile>
  </ItemGroup>
  <ItemGroup>
    <ClInclude Include="so-su\player.h">
      <Filter>ソース\player</Filter>
    </ClInclude>
    <ClInclude Include="so-su\FPS\FPS.h">
      <Filter>ソース\FPS</Filter>
    </ClInclude>
    <ClInclude Include="so-su\input\input.h">
      <Filter>ソース\input</Filter>
    </ClInclude>
    <ClInclude Include="score.h" />
    <ClInclude Include="play.h">
      <Filter>ソース\seene\play</Filter>
    </ClInclude>
    <ClInclude Include="bulletmg.h">
      <Filter>ソース\bullet</Filter>
    </ClInclude>
    <ClInclude Include="bulletp.h">
      <Filter>ソース\bullet</Filter>
    </ClInclude>
    <ClInclude Include="bulletstring.h">
      <Filter>ソース\bullet</Filter>
    </ClInclude>
  </ItemGroup>
</Project>