<?xml version="1.0" encoding="utf-8"?>
<Project ToolsVersion="4.0" xmlns="http://schemas.microsoft.com/developer/msbuild/2003">
  <ItemGroup>
    <Filter Include="Source">
      <UniqueIdentifier>{063f4ceb-d950-4ab4-aed1-cc4d5f660b8e}</UniqueIdentifier>
    </Filter>
    <Filter Include="Source\Player">
      <UniqueIdentifier>{aabbeda8-ad5a-4d07-9d25-a67ad8ee9cec}</UniqueIdentifier>
    </Filter>
    <Filter Include="Source\GameSetting">
      <UniqueIdentifier>{f957ab8c-247f-41b0-b5a1-6ea4e1be900c}</UniqueIdentifier>
    </Filter>
    <Filter Include="Source\Input">
      <UniqueIdentifier>{10908420-f84e-4d00-ae56-225df5fc4724}</UniqueIdentifier>
    </Filter>
    <Filter Include="Source\Enemy">
      <UniqueIdentifier>{d69093f8-2127-4b8b-8e55-818768d4a011}</UniqueIdentifier>
    </Filter>
    <Filter Include="Source\Collision">
      <UniqueIdentifier>{d7ccb616-ed59-43d2-9f65-7d1fbbe8e9fc}</UniqueIdentifier>
    </Filter>
    <Filter Include="Source\FPS">
      <UniqueIdentifier>{3df301e1-16eb-4692-b16f-7b65cb9138cd}</UniqueIdentifier>
    </Filter>
    <Filter Include="Source\Scene">
      <UniqueIdentifier>{97ecbd1d-844f-4e26-a5fd-1afb9e51922d}</UniqueIdentifier>
    </Filter>
    <Filter Include="Source\Scene\Title">
      <UniqueIdentifier>{570e5b5b-ea44-4aff-96ed-a01cbd166ee0}</UniqueIdentifier>
    </Filter>
    <Filter Include="Source\Scene\Play">
      <UniqueIdentifier>{05d26764-de9b-418c-bdc7-44a9cd443ed1}</UniqueIdentifier>
    </Filter>
    <Filter Include="Source\Scene\GameClear">
      <UniqueIdentifier>{3c248ca2-b722-4c0a-86ed-64fa9eb45280}</UniqueIdentifier>
    </Filter>
    <Filter Include="Source\Scene\GameOver">
      <UniqueIdentifier>{9a5705a8-7792-4af5-977e-36b0001d11fe}</UniqueIdentifier>
    </Filter>
    <Filter Include="Source\BackGround">
      <UniqueIdentifier>{5484dd56-323d-4d93-b8fe-f0f22ff4ba06}</UniqueIdentifier>
    </Filter>
    <Filter Include="Source\Bullet">
      <UniqueIdentifier>{f6a93388-dc55-4516-a437-770952d7a0ec}</UniqueIdentifier>
    </Filter>
    <Filter Include="Source\Effect">
      <UniqueIdentifier>{bdaab061-20d3-4189-94cd-4a86aebe319f}</UniqueIdentifier>
    </Filter>
    <Filter Include="Source\UIImage">
      <UniqueIdentifier>{c2395586-a8b6-448f-8bc6-56371e9385f0}</UniqueIdentifier>
    </Filter>
    <Filter Include="Source\Score">
      <UniqueIdentifier>{395a2602-ee04-46ab-bc47-eaa5d770bb3d}</UniqueIdentifier>
    </Filter>
    <Filter Include="Source\Sound">
      <UniqueIdentifier>{d313e8b3-561a-4721-96d5-cf98121ad796}</UniqueIdentifier>
    </Filter>
  </ItemGroup>
  <ItemGroup>
    <ClCompile Include="Source\Main.cpp">
      <Filter>Source</Filter>
    </ClCompile>
    <ClCompile Include="Source\Player\Player.cpp">
      <Filter>Source\Player</Filter>
    </ClCompile>
    <ClCompile Include="Source\Input\Input.cpp">
      <Filter>Source\Input</Filter>
    </ClCompile>
    <ClCompile Include="Source\Enemy\Flies.cpp">
      <Filter>Source\Enemy</Filter>
    </ClCompile>
    <ClCompile Include="Source\Collision\Collision.cpp">
      <Filter>Source\Collision</Filter>
    </ClCompile>
    <ClCompile Include="Source\FPS\FPS.cpp">
      <Filter>Source\FPS</Filter>
    </ClCompile>
    <ClCompile Include="Source\Scene\SceneManager.cpp">
      <Filter>Source\Scene</Filter>
    </ClCompile>
    <ClCompile Include="Source\Scene\Title\TitleScene.cpp">
      <Filter>Source\Scene\Title</Filter>
    </ClCompile>
    <ClCompile Include="Source\Scene\Play\PlayScene.cpp">
      <Filter>Source\Scene\Play</Filter>
    </ClCompile>
    <ClCompile Include="Source\Scene\GameOver\GameOverScene.cpp">
      <Filter>Source\Scene\GameOver</Filter>
    </ClCompile>
    <ClCompile Include="Source\Scene\GameClear\GameClearScene.cpp">
      <Filter>Source\Scene\GameClear</Filter>
    </ClCompile>
    <ClCompile Include="Source\BackGround\BackGround.cpp">
      <Filter>Source\BackGround</Filter>
    </ClCompile>
    <ClCompile Include="Source\Bullet\BulletManager.cpp">
      <Filter>Source\Bullet</Filter>
    </ClCompile>
    <ClCompile Include="Source\Bullet\StraightBullet.cpp">
      <Filter>Source\Bullet</Filter>
    </ClCompile>
    <ClCompile Include="Source\Enemy\EnemyManager.cpp">
      <Filter>Source\Enemy</Filter>
    </ClCompile>
    <ClCompile Include="Source\Effect\AnimationEffect.cpp">
      <Filter>Source\Effect</Filter>
    </ClCompile>
    <ClCompile Include="Source\Enemy\DragonFly.cpp">
      <Filter>Source\Enemy</Filter>
    </ClCompile>
    <ClCompile Include="Source\UI\UIImage.cpp">
      <Filter>Source\UIImage</Filter>
    </ClCompile>
    <ClCompile Include="Source\UI\UIText.cpp">
      <Filter>Source\UIImage</Filter>
    </ClCompile>
    <ClCompile Include="Source\Score\Score.cpp">
      <Filter>Source\Score</Filter>
    </ClCompile>
    <ClCompile Include="Source\Enemy\Kapu.cpp">
      <Filter>Source\Enemy</Filter>
    </ClCompile>
    <ClCompile Include="Source\Sound\SoundManager.cpp">
      <Filter>Source\Sound</Filter>
    </ClCompile>
  </ItemGroup>
  <ItemGroup>
    <ClInclude Include="Source\Player\Player.h">
      <Filter>Source\Player</Filter>
    </ClInclude>
    <ClInclude Include="Source\GameSetting\GameSetting.h">
      <Filter>Source\GameSetting</Filter>
    </ClInclude>
    <ClInclude Include="Source\Input\Input.h">
      <Filter>Source\Input</Filter>
    </ClInclude>
    <ClInclude Include="Source\Enemy\Flies.h">
      <Filter>Source\Enemy</Filter>
    </ClInclude>
    <ClInclude Include="Source\Collision\Collision.h">
      <Filter>Source\Collision</Filter>
    </ClInclude>
    <ClInclude Include="Source\FPS\FPS.h">
      <Filter>Source\FPS</Filter>
    </ClInclude>
    <ClInclude Include="Source\Scene\SceneManager.h">
      <Filter>Source\Scene</Filter>
    </ClInclude>
    <ClInclude Include="Source\Scene\Title\TitleScene.h">
      <Filter>Source\Scene\Title</Filter>
    </ClInclude>
    <ClInclude Include="Source\Scene\Play\PlayScene.h">
      <Filter>Source\Scene\Play</Filter>
    </ClInclude>
    <ClInclude Include="Source\Scene\GameOver\GameOverScene.h">
      <Filter>Source\Scene\GameOver</Filter>
    </ClInclude>
    <ClInclude Include="Source\Scene\GameClear\GameClearScene.h">
      <Filter>Source\Scene\GameClear</Filter>
    </ClInclude>
    <ClInclude Include="Source\BackGround\BackGround.h">
      <Filter>Source\BackGround</Filter>
    </ClInclude>
    <ClInclude Include="Source\Bullet\BulletManager.h">
      <Filter>Source\Bullet</Filter>
    </ClInclude>
    <ClInclude Include="Source\Bullet\StraightBullet.h">
      <Filter>Source\Bullet</Filter>
    </ClInclude>
    <ClInclude Include="Source\Bullet\BulletParameter.h">
      <Filter>Source\Bullet</Filter>
    </ClInclude>
    <ClInclude Include="Source\Enemy\EnemyManager.h">
      <Filter>Source\Enemy</Filter>
    </ClInclude>
    <ClInclude Include="Source\Enemy\EnemyParameter.h">
      <Filter>Source\Enemy</Filter>
    </ClInclude>
    <ClInclude Include="Source\Effect\AnimationEffectParameter.h">
      <Filter>Source\Effect</Filter>
    </ClInclude>
    <ClInclude Include="Source\Effect\AnimationEffect.h">
      <Filter>Source\Effect</Filter>
    </ClInclude>
    <ClInclude Include="Source\Enemy\DragonFly.h">
      <Filter>Source\Enemy</Filter>
    </ClInclude>
    <ClInclude Include="Source\UI\UIImage.h">
      <Filter>Source\UIImage</Filter>
    </ClInclude>
    <ClInclude Include="Source\UI\UIText.h">
      <Filter>Source\UIImage</Filter>
    </ClInclude>
    <ClInclude Include="Source\Score\Score.h">
      <Filter>Source\Score</Filter>
    </ClInclude>
    <ClInclude Include="Source\Enemy\Kapu.h">
      <Filter>Source\Enemy</Filter>
    </ClInclude>
    <ClInclude Include="Source\Sound\SoundManager.h">
      <Filter>Source\Sound</Filter>
    </ClInclude>
  </ItemGroup>
</Project>